
Microsoft Visual Studio Solution File, Format Version 12.00
# Visual Studio Version 16
VisualStudioVersion = 16.0.28803.352
MinimumVisualStudioVersion = 10.0.40219.1
Project("{FAE04EC0-301F-11D3-BF4B-00C04F79EFBC}") = "LINQChallenge", "LINQChallenge\LINQChallenge.csproj", "{1E26AFAB-BAF8-4768-8034-40B17A6913AC}"
EndProject
Global
	GlobalSection(SolutionConfigurationPlatforms) = preSolution
		Debug|Any CPU = Debug|Any CPU
		Release|Any CPU = Release|Any CPU
	EndGlobalSection
	GlobalSection(ProjectConfigurationPlatforms) = postSolution
		{1E26AFAB-BAF8-4768-8034-40B17A6913AC}.Debug|Any CPU.ActiveCfg = Debug|Any CPU
		{1E26AFAB-BAF8-4768-8034-40B17A6913AC}.Debug|Any CPU.Build.0 = Debug|Any CPU
		{1E26AFAB-BAF8-4768-8034-40B17A6913AC}.Release|Any CPU.ActiveCfg = Release|Any CPU
		{1E26AFAB-BAF8-4768-8034-40B17A6913AC}.Release|Any CPU.Build.0 = Release|Any CPU
	EndGlobalSection
	GlobalSection(SolutionProperties) = preSolution
		HideSolutionNode = FALSE
	EndGlobalSection
	GlobalSection(ExtensibilityGlobals) = postSolution
		SolutionGuid = {32E45DB4-B14B-4D75-B44B-0690BA2B89B8}
	EndGlobalSection
EndGlobal
