
Microsoft Visual Studio Solution File, Format Version 12.00
# Visual Studio Version 16
VisualStudioVersion = 16.0.29020.237
MinimumVisualStudioVersion = 10.0.40219.1
Project("{FAE04EC0-301F-11D3-BF4B-00C04F79EFBC}") = "CalculationChallenge", "CalculationChallenge\CalculationChallenge.csproj", "{C95E7DD9-86D9-4F3A-B4D8-DCF448B4E12A}"
EndProject
Global
	GlobalSection(SolutionConfigurationPlatforms) = preSolution
		Debug|Any CPU = Debug|Any CPU
		Release|Any CPU = Release|Any CPU
	EndGlobalSection
	GlobalSection(ProjectConfigurationPlatforms) = postSolution
		{C95E7DD9-86D9-4F3A-B4D8-DCF448B4E12A}.Debug|Any CPU.ActiveCfg = Debug|Any CPU
		{C95E7DD9-86D9-4F3A-B4D8-DCF448B4E12A}.Debug|Any CPU.Build.0 = Debug|Any CPU
		{C95E7DD9-86D9-4F3A-B4D8-DCF448B4E12A}.Release|Any CPU.ActiveCfg = Release|Any CPU
		{C95E7DD9-86D9-4F3A-B4D8-DCF448B4E12A}.Release|Any CPU.Build.0 = Release|Any CPU
	EndGlobalSection
	GlobalSection(SolutionProperties) = preSolution
		HideSolutionNode = FALSE
	EndGlobalSection
	GlobalSection(ExtensibilityGlobals) = postSolution
		SolutionGuid = {DDABAC25-C1CE-41AC-841A-E08B8C17056F}
	EndGlobalSection
EndGlobal
